// !$*UTF8*$!
{
	archiveVersion = 1;
	classes = {
	};
	objectVersion = 55;
	objects = {

/* Begin PBXBuildFile section */
		B4737B2826A81A5E000A465A /* AppDelegate.swift in Sources */ = {isa = PBXBuildFile; fileRef = B4737B2726A81A5E000A465A /* AppDelegate.swift */; };
		B4737B2A26A81A5E000A465A /* SceneDelegate.swift in Sources */ = {isa = PBXBuildFile; fileRef = B4737B2926A81A5E000A465A /* SceneDelegate.swift */; };
		B4737B2C26A81A5E000A465A /* ViewController.swift in Sources */ = {isa = PBXBuildFile; fileRef = B4737B2B26A81A5E000A465A /* ViewController.swift */; };
		B4737B2F26A81A5E000A465A /* Main.storyboard in Resources */ = {isa = PBXBuildFile; fileRef = B4737B2D26A81A5E000A465A /* Main.storyboard */; };
		B4737B3126A81A63000A465A /* Assets.xcassets in Resources */ = {isa = PBXBuildFile; fileRef = B4737B3026A81A63000A465A /* Assets.xcassets */; };
		B4737B3426A81A63000A465A /* LaunchScreen.storyboard in Resources */ = {isa = PBXBuildFile; fileRef = B4737B3226A81A63000A465A /* LaunchScreen.storyboard */; };
		B4737B3F26A81A63000A465A /* CalcualtorTests.swift in Sources */ = {isa = PBXBuildFile; fileRef = B4737B3E26A81A63000A465A /* CalcualtorTests.swift */; };
		B4737B4926A81A63000A465A /* CalcualtorUITests.swift in Sources */ = {isa = PBXBuildFile; fileRef = B4737B4826A81A63000A465A /* CalcualtorUITests.swift */; };
/* End PBXBuildFile section */

/* Begin PBXContainerItemProxy section */
		B4737B3B26A81A63000A465A /* PBXContainerItemProxy */ = {
			isa = PBXContainerItemProxy;
			containerPortal = B4737B1C26A81A5E000A465A /* Project object */;
			proxyType = 1;
			remoteGlobalIDString = B4737B2326A81A5E000A465A;
			remoteInfo = Calcualtor;
		};
		B4737B4526A81A63000A465A /* PBXContainerItemProxy */ = {
			isa = PBXContainerItemProxy;
			containerPortal = B4737B1C26A81A5E000A465A /* Project object */;
			proxyType = 1;
			remoteGlobalIDString = B4737B2326A81A5E000A465A;
			remoteInfo = Calcualtor;
		};
/* End PBXContainerItemProxy section */

/* Begin PBXFileReference section */
		B4737B2426A81A5E000A465A /* Calcualtor.app */ = {isa = PBXFileReference; explicitFileType = wrapper.application; includeInIndex = 0; path = Calcualtor.app; sourceTree = BUILT_PRODUCTS_DIR; };
		B4737B2726A81A5E000A465A /* AppDelegate.swift */ = {isa = PBXFileReference; lastKnownFileType = sourcecode.swift; path = AppDelegate.swift; sourceTree = "<group>"; };
		B4737B2926A81A5E000A465A /* SceneDelegate.swift */ = {isa = PBXFileReference; lastKnownFileType = sourcecode.swift; path = SceneDelegate.swift; sourceTree = "<group>"; };
		B4737B2B26A81A5E000A465A /* ViewController.swift */ = {isa = PBXFileReference; lastKnownFileType = sourcecode.swift; path = ViewController.swift; sourceTree = "<group>"; };
		B4737B2E26A81A5E000A465A /* Base */ = {isa = PBXFileReference; lastKnownFileType = file.storyboard; name = Base; path = Base.lproj/Main.storyboard; sourceTree = "<group>"; };
		B4737B3026A81A63000A465A /* Assets.xcassets */ = {isa = PBXFileReference; lastKnownFileType = folder.assetcatalog; path = Assets.xcassets; sourceTree = "<group>"; };
		B4737B3326A81A63000A465A /* Base */ = {isa = PBXFileReference; lastKnownFileType = file.storyboard; name = Base; path = Base.lproj/LaunchScreen.storyboard; sourceTree = "<group>"; };
		B4737B3526A81A63000A465A /* Info.plist */ = {isa = PBXFileReference; lastKnownFileType = text.plist.xml; path = Info.plist; sourceTree = "<group>"; };
		B4737B3A26A81A63000A465A /* CalcualtorTests.xctest */ = {isa = PBXFileReference; explicitFileType = wrapper.cfbundle; includeInIndex = 0; path = CalcualtorTests.xctest; sourceTree = BUILT_PRODUCTS_DIR; };
		B4737B3E26A81A63000A465A /* CalcualtorTests.swift */ = {isa = PBXFileReference; lastKnownFileType = sourcecode.swift; path = CalcualtorTests.swift; sourceTree = "<group>"; };
		B4737B4426A81A63000A465A /* CalcualtorUITests.xctest */ = {isa = PBXFileReference; explicitFileType = wrapper.cfbundle; includeInIndex = 0; path = CalcualtorUITests.xctest; sourceTree = BUILT_PRODUCTS_DIR; };
		B4737B4826A81A63000A465A /* CalcualtorUITests.swift */ = {isa = PBXFileReference; lastKnownFileType = sourcecode.swift; path = CalcualtorUITests.swift; sourceTree = "<group>"; };
/* End PBXFileReference section */

/* Begin PBXFrameworksBuildPhase section */
		B4737B2126A81A5E000A465A /* Frameworks */ = {
			isa = PBXFrameworksBuildPhase;
			buildActionMask = 2147483647;
			files = (
			);
			runOnlyForDeploymentPostprocessing = 0;
		};
		B4737B3726A81A63000A465A /* Frameworks */ = {
			isa = PBXFrameworksBuildPhase;
			buildActionMask = 2147483647;
			files = (
			);
			runOnlyForDeploymentPostprocessing = 0;
		};
		B4737B4126A81A63000A465A /* Frameworks */ = {
			isa = PBXFrameworksBuildPhase;
			buildActionMask = 2147483647;
			files = (
			);
			runOnlyForDeploymentPostprocessing = 0;
		};
/* End PBXFrameworksBuildPhase section */

/* Begin PBXGroup section */
		B4737B1B26A81A5E000A465A = {
			isa = PBXGroup;
			children = (
				B4737B2626A81A5E000A465A /* Calcualtor */,
				B4737B3D26A81A63000A465A /* CalcualtorTests */,
				B4737B4726A81A63000A465A /* CalcualtorUITests */,
				B4737B2526A81A5E000A465A /* Products */,
			);
			sourceTree = "<group>";
		};
		B4737B2526A81A5E000A465A /* Products */ = {
			isa = PBXGroup;
			children = (
				B4737B2426A81A5E000A465A /* Calcualtor.app */,
				B4737B3A26A81A63000A465A /* CalcualtorTests.xctest */,
				B4737B4426A81A63000A465A /* CalcualtorUITests.xctest */,
			);
			name = Products;
			sourceTree = "<group>";
		};
		B4737B2626A81A5E000A465A /* Calcualtor */ = {
			isa = PBXGroup;
			children = (
				B4737B2726A81A5E000A465A /* AppDelegate.swift */,
				B4737B2926A81A5E000A465A /* SceneDelegate.swift */,
				B4737B2B26A81A5E000A465A /* ViewController.swift */,
				B4737B2D26A81A5E000A465A /* Main.storyboard */,
				B4737B3026A81A63000A465A /* Assets.xcassets */,
				B4737B3226A81A63000A465A /* LaunchScreen.storyboard */,
				B4737B3526A81A63000A465A /* Info.plist */,
			);
			path = Calcualtor;
			sourceTree = "<group>";
		};
		B4737B3D26A81A63000A465A /* CalcualtorTests */ = {
			isa = PBXGroup;
			children = (
				B4737B3E26A81A63000A465A /* CalcualtorTests.swift */,
			);
			path = CalcualtorTests;
			sourceTree = "<group>";
		};
		B4737B4726A81A63000A465A /* CalcualtorUITests */ = {
			isa = PBXGroup;
			children = (
				B4737B4826A81A63000A465A /* CalcualtorUITests.swift */,
			);
			path = CalcualtorUITests;
			sourceTree = "<group>";
		};
/* End PBXGroup section */

/* Begin PBXNativeTarget section */
		B4737B2326A81A5E000A465A /* Calcualtor */ = {
			isa = PBXNativeTarget;
			buildConfigurationList = B4737B4C26A81A63000A465A /* Build configuration list for PBXNativeTarget "Calcualtor" */;
			buildPhases = (
				B4737B2026A81A5E000A465A /* Sources */,
				B4737B2126A81A5E000A465A /* Frameworks */,
				B4737B2226A81A5E000A465A /* Resources */,
			);
			buildRules = (
			);
			dependencies = (
			);
			name = Calcualtor;
			productName = Calcualtor;
			productReference = B4737B2426A81A5E000A465A /* Calcualtor.app */;
			productType = "com.apple.product-type.application";
		};
		B4737B3926A81A63000A465A /* CalcualtorTests */ = {
			isa = PBXNativeTarget;
			buildConfigurationList = B4737B4F26A81A63000A465A /* Build configuration list for PBXNativeTarget "CalcualtorTests" */;
			buildPhases = (
				B4737B3626A81A63000A465A /* Sources */,
				B4737B3726A81A63000A465A /* Frameworks */,
				B4737B3826A81A63000A465A /* Resources */,
			);
			buildRules = (
			);
			dependencies = (
				B4737B3C26A81A63000A465A /* PBXTargetDependency */,
			);
			name = CalcualtorTests;
			productName = CalcualtorTests;
			productReference = B4737B3A26A81A63000A465A /* CalcualtorTests.xctest */;
			productType = "com.apple.product-type.bundle.unit-test";
		};
		B4737B4326A81A63000A465A /* CalcualtorUITests */ = {
			isa = PBXNativeTarget;
			buildConfigurationList = B4737B5226A81A63000A465A /* Build configuration list for PBXNativeTarget "CalcualtorUITests" */;
			buildPhases = (
				B4737B4026A81A63000A465A /* Sources */,
				B4737B4126A81A63000A465A /* Frameworks */,
				B4737B4226A81A63000A465A /* Resources */,
			);
			buildRules = (
			);
			dependencies = (
				B4737B4626A81A63000A465A /* PBXTargetDependency */,
			);
			name = CalcualtorUITests;
			productName = CalcualtorUITests;
			productReference = B4737B4426A81A63000A465A /* CalcualtorUITests.xctest */;
			productType = "com.apple.product-type.bundle.ui-testing";
		};
/* End PBXNativeTarget section */

/* Begin PBXProject section */
		B4737B1C26A81A5E000A465A /* Project object */ = {
			isa = PBXProject;
			attributes = {
				BuildIndependentTargetsInParallel = 1;
				LastSwiftUpdateCheck = 1300;
				LastUpgradeCheck = 1300;
				TargetAttributes = {
					B4737B2326A81A5E000A465A = {
						CreatedOnToolsVersion = 13.0;
					};
					B4737B3926A81A63000A465A = {
						CreatedOnToolsVersion = 13.0;
						TestTargetID = B4737B2326A81A5E000A465A;
					};
					B4737B4326A81A63000A465A = {
						CreatedOnToolsVersion = 13.0;
						TestTargetID = B4737B2326A81A5E000A465A;
					};
				};
			};
			buildConfigurationList = B4737B1F26A81A5E000A465A /* Build configuration list for PBXProject "Calcualtor" */;
			compatibilityVersion = "Xcode 13.0";
			developmentRegion = en;
			hasScannedForEncodings = 0;
			knownRegions = (
				en,
				Base,
			);
			mainGroup = B4737B1B26A81A5E000A465A;
			productRefGroup = B4737B2526A81A5E000A465A /* Products */;
			projectDirPath = "";
			projectRoot = "";
			targets = (
				B4737B2326A81A5E000A465A /* Calcualtor */,
				B4737B3926A81A63000A465A /* CalcualtorTests */,
				B4737B4326A81A63000A465A /* CalcualtorUITests */,
			);
		};
/* End PBXProject section */

/* Begin PBXResourcesBuildPhase section */
		B4737B2226A81A5E000A465A /* Resources */ = {
			isa = PBXResourcesBuildPhase;
			buildActionMask = 2147483647;
			files = (
				B4737B3426A81A63000A465A /* LaunchScreen.storyboard in Resources */,
				B4737B3126A81A63000A465A /* Assets.xcassets in Resources */,
				B4737B2F26A81A5E000A465A /* Main.storyboard in Resources */,
			);
			runOnlyForDeploymentPostprocessing = 0;
		};
		B4737B3826A81A63000A465A /* Resources */ = {
			isa = PBXResourcesBuildPhase;
			buildActionMask = 2147483647;
			files = (
			);
			runOnlyForDeploymentPostprocessing = 0;
		};
		B4737B4226A81A63000A465A /* Resources */ = {
			isa = PBXResourcesBuildPhase;
			buildActionMask = 2147483647;
			files = (
			);
			runOnlyForDeploymentPostprocessing = 0;
		};
/* End PBXResourcesBuildPhase section */

/* Begin PBXSourcesBuildPhase section */
		B4737B2026A81A5E000A465A /* Sources */ = {
			isa = PBXSourcesBuildPhase;
			buildActionMask = 2147483647;
			files = (
				B4737B2C26A81A5E000A465A /* ViewController.swift in Sources */,
				B4737B2826A81A5E000A465A /* AppDelegate.swift in Sources */,
				B4737B2A26A81A5E000A465A /* SceneDelegate.swift in Sources */,
			);
			runOnlyForDeploymentPostprocessing = 0;
		};
		B4737B3626A81A63000A465A /* Sources */ = {
			isa = PBXSourcesBuildPhase;
			buildActionMask = 2147483647;
			files = (
				B4737B3F26A81A63000A465A /* CalcualtorTests.swift in Sources */,
			);
			runOnlyForDeploymentPostprocessing = 0;
		};
		B4737B4026A81A63000A465A /* Sources */ = {
			isa = PBXSourcesBuildPhase;
			buildActionMask = 2147483647;
			files = (
				B4737B4926A81A63000A465A /* CalcualtorUITests.swift in Sources */,
			);
			runOnlyForDeploymentPostprocessing = 0;
		};
/* End PBXSourcesBuildPhase section */

/* Begin PBXTargetDependency section */
		B4737B3C26A81A63000A465A /* PBXTargetDependency */ = {
			isa = PBXTargetDependency;
			target = B4737B2326A81A5E000A465A /* Calcualtor */;
			targetProxy = B4737B3B26A81A63000A465A /* PBXContainerItemProxy */;
		};
		B4737B4626A81A63000A465A /* PBXTargetDependency */ = {
			isa = PBXTargetDependency;
			target = B4737B2326A81A5E000A465A /* Calcualtor */;
			targetProxy = B4737B4526A81A63000A465A /* PBXContainerItemProxy */;
		};
/* End PBXTargetDependency section */

/* Begin PBXVariantGroup section */
		B4737B2D26A81A5E000A465A /* Main.storyboard */ = {
			isa = PBXVariantGroup;
			children = (
				B4737B2E26A81A5E000A465A /* Base */,
			);
			name = Main.storyboard;
			sourceTree = "<group>";
		};
		B4737B3226A81A63000A465A /* LaunchScreen.storyboard */ = {
			isa = PBXVariantGroup;
			children = (
				B4737B3326A81A63000A465A /* Base */,
			);
			name = LaunchScreen.storyboard;
			sourceTree = "<group>";
		};
/* End PBXVariantGroup section */

/* Begin XCBuildConfiguration section */
		B4737B4A26A81A63000A465A /* Debug */ = {
			isa = XCBuildConfiguration;
			buildSettings = {
				ALWAYS_SEARCH_USER_PATHS = NO;
				CLANG_ANALYZER_NONNULL = YES;
				CLANG_ANALYZER_NUMBER_OBJECT_CONVERSION = YES_AGGRESSIVE;
				CLANG_CXX_LANGUAGE_STANDARD = "gnu++17";
				CLANG_CXX_LIBRARY = "libc++";
				CLANG_ENABLE_MODULES = YES;
				CLANG_ENABLE_OBJC_ARC = YES;
				CLANG_ENABLE_OBJC_WEAK = YES;
				CLANG_WARN_BLOCK_CAPTURE_AUTORELEASING = YES;
				CLANG_WARN_BOOL_CONVERSION = YES;
				CLANG_WARN_COMMA = YES;
				CLANG_WARN_CONSTANT_CONVERSION = YES;
				CLANG_WARN_DEPRECATED_OBJC_IMPLEMENTATIONS = YES;
				CLANG_WARN_DIRECT_OBJC_ISA_USAGE = YES_ERROR;
				CLANG_WARN_DOCUMENTATION_COMMENTS = YES;
				CLANG_WARN_EMPTY_BODY = YES;
				CLANG_WARN_ENUM_CONVERSION = YES;
				CLANG_WARN_INFINITE_RECURSION = YES;
				CLANG_WARN_INT_CONVERSION = YES;
				CLANG_WARN_NON_LITERAL_NULL_CONVERSION = YES;
				CLANG_WARN_OBJC_IMPLICIT_RETAIN_SELF = YES;
				CLANG_WARN_OBJC_LITERAL_CONVERSION = YES;
				CLANG_WARN_OBJC_ROOT_CLASS = YES_ERROR;
				CLANG_WARN_QUOTED_INCLUDE_IN_FRAMEWORK_HEADER = YES;
				CLANG_WARN_RANGE_LOOP_ANALYSIS = YES;
				CLANG_WARN_STRICT_PROTOTYPES = YES;
				CLANG_WARN_SUSPICIOUS_MOVE = YES;
				CLANG_WARN_UNGUARDED_AVAILABILITY = YES_AGGRESSIVE;
				CLANG_WARN_UNREACHABLE_CODE = YES;
				CLANG_WARN__DUPLICATE_METHOD_MATCH = YES;
				COPY_PHASE_STRIP = NO;
				DEBUG_INFORMATION_FORMAT = dwarf;
				ENABLE_STRICT_OBJC_MSGSEND = YES;
				ENABLE_TESTABILITY = YES;
				GCC_C_LANGUAGE_STANDARD = gnu11;
				GCC_DYNAMIC_NO_PIC = NO;
				GCC_NO_COMMON_BLOCKS = YES;
				GCC_OPTIMIZATION_LEVEL = 0;
				GCC_PREPROCESSOR_DEFINITIONS = (
					"DEBUG=1",
					"$(inherited)",
				);
				GCC_WARN_64_TO_32_BIT_CONVERSION = YES;
				GCC_WARN_ABOUT_RETURN_TYPE = YES_ERROR;
				GCC_WARN_UNDECLARED_SELECTOR = YES;
				GCC_WARN_UNINITIALIZED_AUTOS = YES_AGGRESSIVE;
				GCC_WARN_UNUSED_FUNCTION = YES;
				GCC_WARN_UNUSED_VARIABLE = YES;
				IPHONEOS_DEPLOYMENT_TARGET = 15.0;
				MTL_ENABLE_DEBUG_INFO = INCLUDE_SOURCE;
				MTL_FAST_MATH = YES;
				ONLY_ACTIVE_ARCH = YES;
				SDKROOT = iphoneos;
				SWIFT_ACTIVE_COMPILATION_CONDITIONS = DEBUG;
				SWIFT_OPTIMIZATION_LEVEL = "-Onone";
			};
			name = Debug;
		};
		B4737B4B26A81A63000A465A /* Release */ = {
			isa = XCBuildConfiguration;
			buildSettings = {
				ALWAYS_SEARCH_USER_PATHS = NO;
				CLANG_ANALYZER_NONNULL = YES;
				CLANG_ANALYZER_NUMBER_OBJECT_CONVERSION = YES_AGGRESSIVE;
				CLANG_CXX_LANGUAGE_STANDARD = "gnu++17";
				CLANG_CXX_LIBRARY = "libc++";
				CLANG_ENABLE_MODULES = YES;
				CLANG_ENABLE_OBJC_ARC = YES;
				CLANG_ENABLE_OBJC_WEAK = YES;
				CLANG_WARN_BLOCK_CAPTURE_AUTORELEASING = YES;
				CLANG_WARN_BOOL_CONVERSION = YES;
				CLANG_WARN_COMMA = YES;
				CLANG_WARN_CONSTANT_CONVERSION = YES;
				CLANG_WARN_DEPRECATED_OBJC_IMPLEMENTATIONS = YES;
				CLANG_WARN_DIRECT_OBJC_ISA_USAGE = YES_ERROR;
				CLANG_WARN_DOCUMENTATION_COMMENTS = YES;
				CLANG_WARN_EMPTY_BODY = YES;
				CLANG_WARN_ENUM_CONVERSION = YES;
				CLANG_WARN_INFINITE_RECURSION = YES;
				CLANG_WARN_INT_CONVERSION = YES;
				CLANG_WARN_NON_LITERAL_NULL_CONVERSION = YES;
				CLANG_WARN_OBJC_IMPLICIT_RETAIN_SELF = YES;
				CLANG_WARN_OBJC_LITERAL_CONVERSION = YES;
				CLANG_WARN_OBJC_ROOT_CLASS = YES_ERROR;
				CLANG_WARN_QUOTED_INCLUDE_IN_FRAMEWORK_HEADER = YES;
				CLANG_WARN_RANGE_LOOP_ANALYSIS = YES;
				CLANG_WARN_STRICT_PROTOTYPES = YES;
				CLANG_WARN_SUSPICIOUS_MOVE = YES;
				CLANG_WARN_UNGUARDED_AVAILABILITY = YES_AGGRESSIVE;
				CLANG_WARN_UNREACHABLE_CODE = YES;
				CLANG_WARN__DUPLICATE_METHOD_MATCH = YES;
				COPY_PHASE_STRIP = NO;
				DEBUG_INFORMATION_FORMAT = "dwarf-with-dsym";
				ENABLE_NS_ASSERTIONS = NO;
				ENABLE_STRICT_OBJC_MSGSEND = YES;
				GCC_C_LANGUAGE_STANDARD = gnu11;
				GCC_NO_COMMON_BLOCKS = YES;
				GCC_WARN_64_TO_32_BIT_CONVERSION = YES;
				GCC_WARN_ABOUT_RETURN_TYPE = YES_ERROR;
				GCC_WARN_UNDECLARED_SELECTOR = YES;
				GCC_WARN_UNINITIALIZED_AUTOS = YES_AGGRESSIVE;
				GCC_WARN_UNUSED_FUNCTION = YES;
				GCC_WARN_UNUSED_VARIABLE = YES;
				IPHONEOS_DEPLOYMENT_TARGET = 15.0;
				MTL_ENABLE_DEBUG_INFO = NO;
				MTL_FAST_MATH = YES;
				SDKROOT = iphoneos;
				SWIFT_COMPILATION_MODE = wholemodule;
				SWIFT_OPTIMIZATION_LEVEL = "-O";
				VALIDATE_PRODUCT = YES;
			};
			name = Release;
		};
		B4737B4D26A81A63000A465A /* Debug */ = {
			isa = XCBuildConfiguration;
			buildSettings = {
				ASSETCATALOG_COMPILER_APPICON_NAME = AppIcon;
				ASSETCATALOG_COMPILER_GLOBAL_ACCENT_COLOR_NAME = AccentColor;
				CODE_SIGN_STYLE = Automatic;
				CURRENT_PROJECT_VERSION = 1;
				GENERATE_INFOPLIST_FILE = YES;
				INFOPLIST_FILE = Calcualtor/Info.plist;
				INFOPLIST_KEY_UIApplicationSupportsIndirectInputEvents = YES;
				INFOPLIST_KEY_UILaunchStoryboardName = LaunchScreen;
				INFOPLIST_KEY_UIMainStoryboardFile = Main;
				INFOPLIST_KEY_UISupportedInterfaceOrientations_iPad = "UIInterfaceOrientationPortrait UIInterfaceOrientationPortraitUpsideDown UIInterfaceOrientationLandscapeLeft UIInterfaceOrientationLandscapeRight";
				INFOPLIST_KEY_UISupportedInterfaceOrientations_iPhone = "UIInterfaceOrientationPortrait UIInterfaceOrientationLandscapeLeft UIInterfaceOrientationLandscapeRight";
				LD_RUNPATH_SEARCH_PATHS = (
					"$(inherited)",
					"@executable_path/Frameworks",
				);
				MARKETING_VERSION = 1.0;
				PRODUCT_BUNDLE_IDENTIFIER = "Wolfpack-Digital.Calcualtor";
				PRODUCT_NAME = "$(TARGET_NAME)";
				SWIFT_EMIT_LOC_STRINGS = YES;
				SWIFT_VERSION = 5.0;
				TARGETED_DEVICE_FAMILY = "1,2";
			};
			name = Debug;
		};
		B4737B4E26A81A63000A465A /* Release */ = {
			isa = XCBuildConfiguration;
			buildSettings = {
				ASSETCATALOG_COMPILER_APPICON_NAME = AppIcon;
				ASSETCATALOG_COMPILER_GLOBAL_ACCENT_COLOR_NAME = AccentColor;
				CODE_SIGN_STYLE = Automatic;
				CURRENT_PROJECT_VERSION = 1;
				GENERATE_INFOPLIST_FILE = YES;
				INFOPLIST_FILE = Calcualtor/Info.plist;
				INFOPLIST_KEY_UIApplicationSupportsIndirectInputEvents = YES;
				INFOPLIST_KEY_UILaunchStoryboardName = LaunchScreen;
				INFOPLIST_KEY_UIMainStoryboardFile = Main;
				INFOPLIST_KEY_UISupportedInterfaceOrientations_iPad = "UIInterfaceOrientationPortrait UIInterfaceOrientationPortraitUpsideDown UIInterfaceOrientationLandscapeLeft UIInterfaceOrientationLandscapeRight";
				INFOPLIST_KEY_UISupportedInterfaceOrientations_iPhone = "UIInterfaceOrientationPortrait UIInterfaceOrientationLandscapeLeft UIInterfaceOrientationLandscapeRight";
				LD_RUNPATH_SEARCH_PATHS = (
					"$(inherited)",
					"@executable_path/Frameworks",
				);
				MARKETING_VERSION = 1.0;
				PRODUCT_BUNDLE_IDENTIFIER = "Wolfpack-Digital.Calcualtor";
				PRODUCT_NAME = "$(TARGET_NAME)";
				SWIFT_EMIT_LOC_STRINGS = YES;
				SWIFT_VERSION = 5.0;
				TARGETED_DEVICE_FAMILY = "1,2";
			};
			name = Release;
		};
		B4737B5026A81A63000A465A /* Debug */ = {
			isa = XCBuildConfiguration;
			buildSettings = {
				ALWAYS_EMBED_SWIFT_STANDARD_LIBRARIES = YES;
				BUNDLE_LOADER = "$(TEST_HOST)";
				CODE_SIGN_STYLE = Automatic;
				CURRENT_PROJECT_VERSION = 1;
				GENERATE_INFOPLIST_FILE = YES;
				IPHONEOS_DEPLOYMENT_TARGET = 15.0;
				LD_RUNPATH_SEARCH_PATHS = (
					"$(inherited)",
					"@executable_path/Frameworks",
					"@loader_path/Frameworks",
				);
				MARKETING_VERSION = 1.0;
				PRODUCT_BUNDLE_IDENTIFIER = "Wolfpack-Digital.CalcualtorTests";
				PRODUCT_NAME = "$(TARGET_NAME)";
				SWIFT_EMIT_LOC_STRINGS = NO;
				SWIFT_VERSION = 5.0;
				TARGETED_DEVICE_FAMILY = "1,2";
				TEST_HOST = "$(BUILT_PRODUCTS_DIR)/Calcualtor.app/Calcualtor";
			};
			name = Debug;
		};
		B4737B5126A81A63000A465A /* Release */ = {
			isa = XCBuildConfiguration;
			buildSettings = {
				ALWAYS_EMBED_SWIFT_STANDARD_LIBRARIES = YES;
				BUNDLE_LOADER = "$(TEST_HOST)";
				CODE_SIGN_STYLE = Automatic;
				CURRENT_PROJECT_VERSION = 1;
				GENERATE_INFOPLIST_FILE = YES;
				IPHONEOS_DEPLOYMENT_TARGET = 15.0;
				LD_RUNPATH_SEARCH_PATHS = (
					"$(inherited)",
					"@executable_path/Frameworks",
					"@loader_path/Frameworks",
				);
				MARKETING_VERSION = 1.0;
				PRODUCT_BUNDLE_IDENTIFIER = "Wolfpack-Digital.CalcualtorTests";
				PRODUCT_NAME = "$(TARGET_NAME)";
				SWIFT_EMIT_LOC_STRINGS = NO;
				SWIFT_VERSION = 5.0;
				TARGETED_DEVICE_FAMILY = "1,2";
				TEST_HOST = "$(BUILT_PRODUCTS_DIR)/Calcualtor.app/Calcualtor";
			};
			name = Release;
		};
		B4737B5326A81A63000A465A /* Debug */ = {
			isa = XCBuildConfiguration;
			buildSettings = {
				ALWAYS_EMBED_SWIFT_STANDARD_LIBRARIES = YES;
				CODE_SIGN_STYLE = Automatic;
				CURRENT_PROJECT_VERSION = 1;
				GENERATE_INFOPLIST_FILE = YES;
				LD_RUNPATH_SEARCH_PATHS = (
					"$(inherited)",
					"@executable_path/Frameworks",
					"@loader_path/Frameworks",
				);
				MARKETING_VERSION = 1.0;
				PRODUCT_BUNDLE_IDENTIFIER = "Wolfpack-Digital.CalcualtorUITests";
				PRODUCT_NAME = "$(TARGET_NAME)";
				SWIFT_EMIT_LOC_STRINGS = NO;
				SWIFT_VERSION = 5.0;
				TARGETED_DEVICE_FAMILY = "1,2";
				TEST_TARGET_NAME = Calcualtor;
			};
			name = Debug;
		};
		B4737B5426A81A63000A465A /* Release */ = {
			isa = XCBuildConfiguration;
			buildSettings = {
				ALWAYS_EMBED_SWIFT_STANDARD_LIBRARIES = YES;
				CODE_SIGN_STYLE = Automatic;
				CURRENT_PROJECT_VERSION = 1;
				GENERATE_INFOPLIST_FILE = YES;
				LD_RUNPATH_SEARCH_PATHS = (
					"$(inherited)",
					"@executable_path/Frameworks",
					"@loader_path/Frameworks",
				);
				MARKETING_VERSION = 1.0;
				PRODUCT_BUNDLE_IDENTIFIER = "Wolfpack-Digital.CalcualtorUITests";
				PRODUCT_NAME = "$(TARGET_NAME)";
				SWIFT_EMIT_LOC_STRINGS = NO;
				SWIFT_VERSION = 5.0;
				TARGETED_DEVICE_FAMILY = "1,2";
				TEST_TARGET_NAME = Calcualtor;
			};
			name = Release;
		};
/* End XCBuildConfiguration section */

/* Begin XCConfigurationList section */
		B4737B1F26A81A5E000A465A /* Build configuration list for PBXProject "Calcualtor" */ = {
			isa = XCConfigurationList;
			buildConfigurations = (
				B4737B4A26A81A63000A465A /* Debug */,
				B4737B4B26A81A63000A465A /* Release */,
			);
			defaultConfigurationIsVisible = 0;
			defaultConfigurationName = Release;
		};
		B4737B4C26A81A63000A465A /* Build configuration list for PBXNativeTarget "Calcualtor" */ = {
			isa = XCConfigurationList;
			buildConfigurations = (
				B4737B4D26A81A63000A465A /* Debug */,
				B4737B4E26A81A63000A465A /* Release */,
			);
			defaultConfigurationIsVisible = 0;
			defaultConfigurationName = Release;
		};
		B4737B4F26A81A63000A465A /* Build configuration list for PBXNativeTarget "CalcualtorTests" */ = {
			isa = XCConfigurationList;
			buildConfigurations = (
				B4737B5026A81A63000A465A /* Debug */,
				B4737B5126A81A63000A465A /* Release */,
			);
			defaultConfigurationIsVisible = 0;
			defaultConfigurationName = Release;
		};
		B4737B5226A81A63000A465A /* Build configuration list for PBXNativeTarget "CalcualtorUITests" */ = {
			isa = XCConfigurationList;
			buildConfigurations = (
				B4737B5326A81A63000A465A /* Debug */,
				B4737B5426A81A63000A465A /* Release */,
			);
			defaultConfigurationIsVisible = 0;
			defaultConfigurationName = Release;
		};
/* End XCConfigurationList section */
	};
	rootObject = B4737B1C26A81A5E000A465A /* Project object */;
}
