// !$*UTF8*$!
{
	archiveVersion = 1;
	classes = {
	};
	objectVersion = 55;
	objects = {

/* Begin PBXBuildFile section */
		B40C656226AAAC8800446E16 /* AppDelegate.swift in Sources */ = {isa = PBXBuildFile; fileRef = B40C656126AAAC8800446E16 /* AppDelegate.swift */; };
		B40C656426AAAC8800446E16 /* SceneDelegate.swift in Sources */ = {isa = PBXBuildFile; fileRef = B40C656326AAAC8800446E16 /* SceneDelegate.swift */; };
		B40C656626AAAC8800446E16 /* AthleteTableViewController.swift in Sources */ = {isa = PBXBuildFile; fileRef = B40C656526AAAC8800446E16 /* AthleteTableViewController.swift */; };
		B40C656926AAAC8800446E16 /* Main.storyboard in Resources */ = {isa = PBXBuildFile; fileRef = B40C656726AAAC8800446E16 /* Main.storyboard */; };
		B40C656B26AAAC8B00446E16 /* Assets.xcassets in Resources */ = {isa = PBXBuildFile; fileRef = B40C656A26AAAC8B00446E16 /* Assets.xcassets */; };
		B40C656E26AAAC8B00446E16 /* LaunchScreen.storyboard in Resources */ = {isa = PBXBuildFile; fileRef = B40C656C26AAAC8B00446E16 /* LaunchScreen.storyboard */; };
		B40C657926AAAC8B00446E16 /* FavoriteAthleteTests.swift in Sources */ = {isa = PBXBuildFile; fileRef = B40C657826AAAC8B00446E16 /* FavoriteAthleteTests.swift */; };
		B40C658326AAAC8C00446E16 /* FavoriteAthleteUITests.swift in Sources */ = {isa = PBXBuildFile; fileRef = B40C658226AAAC8C00446E16 /* FavoriteAthleteUITests.swift */; };
		B40C659026AAAC9C00446E16 /* Athlete.swift in Sources */ = {isa = PBXBuildFile; fileRef = B40C658F26AAAC9C00446E16 /* Athlete.swift */; };
		B40C659226AAADC600446E16 /* AthleteFormViewController.swift in Sources */ = {isa = PBXBuildFile; fileRef = B40C659126AAADC600446E16 /* AthleteFormViewController.swift */; };
/* End PBXBuildFile section */

/* Begin PBXContainerItemProxy section */
		B40C657526AAAC8B00446E16 /* PBXContainerItemProxy */ = {
			isa = PBXContainerItemProxy;
			containerPortal = B40C655626AAAC8800446E16 /* Project object */;
			proxyType = 1;
			remoteGlobalIDString = B40C655D26AAAC8800446E16;
			remoteInfo = FavoriteAthlete;
		};
		B40C657F26AAAC8C00446E16 /* PBXContainerItemProxy */ = {
			isa = PBXContainerItemProxy;
			containerPortal = B40C655626AAAC8800446E16 /* Project object */;
			proxyType = 1;
			remoteGlobalIDString = B40C655D26AAAC8800446E16;
			remoteInfo = FavoriteAthlete;
		};
/* End PBXContainerItemProxy section */

/* Begin PBXFileReference section */
		B40C655E26AAAC8800446E16 /* FavoriteAthlete.app */ = {isa = PBXFileReference; explicitFileType = wrapper.application; includeInIndex = 0; path = FavoriteAthlete.app; sourceTree = BUILT_PRODUCTS_DIR; };
		B40C656126AAAC8800446E16 /* AppDelegate.swift */ = {isa = PBXFileReference; lastKnownFileType = sourcecode.swift; path = AppDelegate.swift; sourceTree = "<group>"; };
		B40C656326AAAC8800446E16 /* SceneDelegate.swift */ = {isa = PBXFileReference; lastKnownFileType = sourcecode.swift; path = SceneDelegate.swift; sourceTree = "<group>"; };
		B40C656526AAAC8800446E16 /* AthleteTableViewController.swift */ = {isa = PBXFileReference; lastKnownFileType = sourcecode.swift; path = AthleteTableViewController.swift; sourceTree = "<group>"; };
		B40C656826AAAC8800446E16 /* Base */ = {isa = PBXFileReference; lastKnownFileType = file.storyboard; name = Base; path = Base.lproj/Main.storyboard; sourceTree = "<group>"; };
		B40C656A26AAAC8B00446E16 /* Assets.xcassets */ = {isa = PBXFileReference; lastKnownFileType = folder.assetcatalog; path = Assets.xcassets; sourceTree = "<group>"; };
		B40C656D26AAAC8B00446E16 /* Base */ = {isa = PBXFileReference; lastKnownFileType = file.storyboard; name = Base; path = Base.lproj/LaunchScreen.storyboard; sourceTree = "<group>"; };
		B40C656F26AAAC8B00446E16 /* Info.plist */ = {isa = PBXFileReference; lastKnownFileType = text.plist.xml; path = Info.plist; sourceTree = "<group>"; };
		B40C657426AAAC8B00446E16 /* FavoriteAthleteTests.xctest */ = {isa = PBXFileReference; explicitFileType = wrapper.cfbundle; includeInIndex = 0; path = FavoriteAthleteTests.xctest; sourceTree = BUILT_PRODUCTS_DIR; };
		B40C657826AAAC8B00446E16 /* FavoriteAthleteTests.swift */ = {isa = PBXFileReference; lastKnownFileType = sourcecode.swift; path = FavoriteAthleteTests.swift; sourceTree = "<group>"; };
		B40C657E26AAAC8C00446E16 /* FavoriteAthleteUITests.xctest */ = {isa = PBXFileReference; explicitFileType = wrapper.cfbundle; includeInIndex = 0; path = FavoriteAthleteUITests.xctest; sourceTree = BUILT_PRODUCTS_DIR; };
		B40C658226AAAC8C00446E16 /* FavoriteAthleteUITests.swift */ = {isa = PBXFileReference; lastKnownFileType = sourcecode.swift; path = FavoriteAthleteUITests.swift; sourceTree = "<group>"; };
		B40C658F26AAAC9C00446E16 /* Athlete.swift */ = {isa = PBXFileReference; lastKnownFileType = sourcecode.swift; path = Athlete.swift; sourceTree = "<group>"; };
		B40C659126AAADC600446E16 /* AthleteFormViewController.swift */ = {isa = PBXFileReference; lastKnownFileType = sourcecode.swift; path = AthleteFormViewController.swift; sourceTree = "<group>"; };
/* End PBXFileReference section */

/* Begin PBXFrameworksBuildPhase section */
		B40C655B26AAAC8800446E16 /* Frameworks */ = {
			isa = PBXFrameworksBuildPhase;
			buildActionMask = 2147483647;
			files = (
			);
			runOnlyForDeploymentPostprocessing = 0;
		};
		B40C657126AAAC8B00446E16 /* Frameworks */ = {
			isa = PBXFrameworksBuildPhase;
			buildActionMask = 2147483647;
			files = (
			);
			runOnlyForDeploymentPostprocessing = 0;
		};
		B40C657B26AAAC8C00446E16 /* Frameworks */ = {
			isa = PBXFrameworksBuildPhase;
			buildActionMask = 2147483647;
			files = (
			);
			runOnlyForDeploymentPostprocessing = 0;
		};
/* End PBXFrameworksBuildPhase section */

/* Begin PBXGroup section */
		B40C655526AAAC8800446E16 = {
			isa = PBXGroup;
			children = (
				B40C658F26AAAC9C00446E16 /* Athlete.swift */,
				B40C656026AAAC8800446E16 /* FavoriteAthlete */,
				B40C657726AAAC8B00446E16 /* FavoriteAthleteTests */,
				B40C658126AAAC8C00446E16 /* FavoriteAthleteUITests */,
				B40C655F26AAAC8800446E16 /* Products */,
			);
			sourceTree = "<group>";
		};
		B40C655F26AAAC8800446E16 /* Products */ = {
			isa = PBXGroup;
			children = (
				B40C655E26AAAC8800446E16 /* FavoriteAthlete.app */,
				B40C657426AAAC8B00446E16 /* FavoriteAthleteTests.xctest */,
				B40C657E26AAAC8C00446E16 /* FavoriteAthleteUITests.xctest */,
			);
			name = Products;
			sourceTree = "<group>";
		};
		B40C656026AAAC8800446E16 /* FavoriteAthlete */ = {
			isa = PBXGroup;
			children = (
				B40C656126AAAC8800446E16 /* AppDelegate.swift */,
				B40C656326AAAC8800446E16 /* SceneDelegate.swift */,
				B40C656526AAAC8800446E16 /* AthleteTableViewController.swift */,
				B40C659126AAADC600446E16 /* AthleteFormViewController.swift */,
				B40C656726AAAC8800446E16 /* Main.storyboard */,
				B40C656A26AAAC8B00446E16 /* Assets.xcassets */,
				B40C656C26AAAC8B00446E16 /* LaunchScreen.storyboard */,
				B40C656F26AAAC8B00446E16 /* Info.plist */,
			);
			path = FavoriteAthlete;
			sourceTree = "<group>";
		};
		B40C657726AAAC8B00446E16 /* FavoriteAthleteTests */ = {
			isa = PBXGroup;
			children = (
				B40C657826AAAC8B00446E16 /* FavoriteAthleteTests.swift */,
			);
			path = FavoriteAthleteTests;
			sourceTree = "<group>";
		};
		B40C658126AAAC8C00446E16 /* FavoriteAthleteUITests */ = {
			isa = PBXGroup;
			children = (
				B40C658226AAAC8C00446E16 /* FavoriteAthleteUITests.swift */,
			);
			path = FavoriteAthleteUITests;
			sourceTree = "<group>";
		};
/* End PBXGroup section */

/* Begin PBXNativeTarget section */
		B40C655D26AAAC8800446E16 /* FavoriteAthlete */ = {
			isa = PBXNativeTarget;
			buildConfigurationList = B40C658626AAAC8C00446E16 /* Build configuration list for PBXNativeTarget "FavoriteAthlete" */;
			buildPhases = (
				B40C655A26AAAC8800446E16 /* Sources */,
				B40C655B26AAAC8800446E16 /* Frameworks */,
				B40C655C26AAAC8800446E16 /* Resources */,
			);
			buildRules = (
			);
			dependencies = (
			);
			name = FavoriteAthlete;
			productName = FavoriteAthlete;
			productReference = B40C655E26AAAC8800446E16 /* FavoriteAthlete.app */;
			productType = "com.apple.product-type.application";
		};
		B40C657326AAAC8B00446E16 /* FavoriteAthleteTests */ = {
			isa = PBXNativeTarget;
			buildConfigurationList = B40C658926AAAC8C00446E16 /* Build configuration list for PBXNativeTarget "FavoriteAthleteTests" */;
			buildPhases = (
				B40C657026AAAC8B00446E16 /* Sources */,
				B40C657126AAAC8B00446E16 /* Frameworks */,
				B40C657226AAAC8B00446E16 /* Resources */,
			);
			buildRules = (
			);
			dependencies = (
				B40C657626AAAC8B00446E16 /* PBXTargetDependency */,
			);
			name = FavoriteAthleteTests;
			productName = FavoriteAthleteTests;
			productReference = B40C657426AAAC8B00446E16 /* FavoriteAthleteTests.xctest */;
			productType = "com.apple.product-type.bundle.unit-test";
		};
		B40C657D26AAAC8C00446E16 /* FavoriteAthleteUITests */ = {
			isa = PBXNativeTarget;
			buildConfigurationList = B40C658C26AAAC8C00446E16 /* Build configuration list for PBXNativeTarget "FavoriteAthleteUITests" */;
			buildPhases = (
				B40C657A26AAAC8C00446E16 /* Sources */,
				B40C657B26AAAC8C00446E16 /* Frameworks */,
				B40C657C26AAAC8C00446E16 /* Resources */,
			);
			buildRules = (
			);
			dependencies = (
				B40C658026AAAC8C00446E16 /* PBXTargetDependency */,
			);
			name = FavoriteAthleteUITests;
			productName = FavoriteAthleteUITests;
			productReference = B40C657E26AAAC8C00446E16 /* FavoriteAthleteUITests.xctest */;
			productType = "com.apple.product-type.bundle.ui-testing";
		};
/* End PBXNativeTarget section */

/* Begin PBXProject section */
		B40C655626AAAC8800446E16 /* Project object */ = {
			isa = PBXProject;
			attributes = {
				BuildIndependentTargetsInParallel = 1;
				LastSwiftUpdateCheck = 1300;
				LastUpgradeCheck = 1300;
				TargetAttributes = {
					B40C655D26AAAC8800446E16 = {
						CreatedOnToolsVersion = 13.0;
					};
					B40C657326AAAC8B00446E16 = {
						CreatedOnToolsVersion = 13.0;
						TestTargetID = B40C655D26AAAC8800446E16;
					};
					B40C657D26AAAC8C00446E16 = {
						CreatedOnToolsVersion = 13.0;
						TestTargetID = B40C655D26AAAC8800446E16;
					};
				};
			};
			buildConfigurationList = B40C655926AAAC8800446E16 /* Build configuration list for PBXProject "FavoriteAthlete" */;
			compatibilityVersion = "Xcode 13.0";
			developmentRegion = en;
			hasScannedForEncodings = 0;
			knownRegions = (
				en,
				Base,
			);
			mainGroup = B40C655526AAAC8800446E16;
			productRefGroup = B40C655F26AAAC8800446E16 /* Products */;
			projectDirPath = "";
			projectRoot = "";
			targets = (
				B40C655D26AAAC8800446E16 /* FavoriteAthlete */,
				B40C657326AAAC8B00446E16 /* FavoriteAthleteTests */,
				B40C657D26AAAC8C00446E16 /* FavoriteAthleteUITests */,
			);
		};
/* End PBXProject section */

/* Begin PBXResourcesBuildPhase section */
		B40C655C26AAAC8800446E16 /* Resources */ = {
			isa = PBXResourcesBuildPhase;
			buildActionMask = 2147483647;
			files = (
				B40C656E26AAAC8B00446E16 /* LaunchScreen.storyboard in Resources */,
				B40C656B26AAAC8B00446E16 /* Assets.xcassets in Resources */,
				B40C656926AAAC8800446E16 /* Main.storyboard in Resources */,
			);
			runOnlyForDeploymentPostprocessing = 0;
		};
		B40C657226AAAC8B00446E16 /* Resources */ = {
			isa = PBXResourcesBuildPhase;
			buildActionMask = 2147483647;
			files = (
			);
			runOnlyForDeploymentPostprocessing = 0;
		};
		B40C657C26AAAC8C00446E16 /* Resources */ = {
			isa = PBXResourcesBuildPhase;
			buildActionMask = 2147483647;
			files = (
			);
			runOnlyForDeploymentPostprocessing = 0;
		};
/* End PBXResourcesBuildPhase section */

/* Begin PBXSourcesBuildPhase section */
		B40C655A26AAAC8800446E16 /* Sources */ = {
			isa = PBXSourcesBuildPhase;
			buildActionMask = 2147483647;
			files = (
				B40C659226AAADC600446E16 /* AthleteFormViewController.swift in Sources */,
				B40C656626AAAC8800446E16 /* AthleteTableViewController.swift in Sources */,
				B40C656226AAAC8800446E16 /* AppDelegate.swift in Sources */,
				B40C656426AAAC8800446E16 /* SceneDelegate.swift in Sources */,
				B40C659026AAAC9C00446E16 /* Athlete.swift in Sources */,
			);
			runOnlyForDeploymentPostprocessing = 0;
		};
		B40C657026AAAC8B00446E16 /* Sources */ = {
			isa = PBXSourcesBuildPhase;
			buildActionMask = 2147483647;
			files = (
				B40C657926AAAC8B00446E16 /* FavoriteAthleteTests.swift in Sources */,
			);
			runOnlyForDeploymentPostprocessing = 0;
		};
		B40C657A26AAAC8C00446E16 /* Sources */ = {
			isa = PBXSourcesBuildPhase;
			buildActionMask = 2147483647;
			files = (
				B40C658326AAAC8C00446E16 /* FavoriteAthleteUITests.swift in Sources */,
			);
			runOnlyForDeploymentPostprocessing = 0;
		};
/* End PBXSourcesBuildPhase section */

/* Begin PBXTargetDependency section */
		B40C657626AAAC8B00446E16 /* PBXTargetDependency */ = {
			isa = PBXTargetDependency;
			target = B40C655D26AAAC8800446E16 /* FavoriteAthlete */;
			targetProxy = B40C657526AAAC8B00446E16 /* PBXContainerItemProxy */;
		};
		B40C658026AAAC8C00446E16 /* PBXTargetDependency */ = {
			isa = PBXTargetDependency;
			target = B40C655D26AAAC8800446E16 /* FavoriteAthlete */;
			targetProxy = B40C657F26AAAC8C00446E16 /* PBXContainerItemProxy */;
		};
/* End PBXTargetDependency section */

/* Begin PBXVariantGroup section */
		B40C656726AAAC8800446E16 /* Main.storyboard */ = {
			isa = PBXVariantGroup;
			children = (
				B40C656826AAAC8800446E16 /* Base */,
			);
			name = Main.storyboard;
			sourceTree = "<group>";
		};
		B40C656C26AAAC8B00446E16 /* LaunchScreen.storyboard */ = {
			isa = PBXVariantGroup;
			children = (
				B40C656D26AAAC8B00446E16 /* Base */,
			);
			name = LaunchScreen.storyboard;
			sourceTree = "<group>";
		};
/* End PBXVariantGroup section */

/* Begin XCBuildConfiguration section */
		B40C658426AAAC8C00446E16 /* Debug */ = {
			isa = XCBuildConfiguration;
			buildSettings = {
				ALWAYS_SEARCH_USER_PATHS = NO;
				CLANG_ANALYZER_NONNULL = YES;
				CLANG_ANALYZER_NUMBER_OBJECT_CONVERSION = YES_AGGRESSIVE;
				CLANG_CXX_LANGUAGE_STANDARD = "gnu++17";
				CLANG_CXX_LIBRARY = "libc++";
				CLANG_ENABLE_MODULES = YES;
				CLANG_ENABLE_OBJC_ARC = YES;
				CLANG_ENABLE_OBJC_WEAK = YES;
				CLANG_WARN_BLOCK_CAPTURE_AUTORELEASING = YES;
				CLANG_WARN_BOOL_CONVERSION = YES;
				CLANG_WARN_COMMA = YES;
				CLANG_WARN_CONSTANT_CONVERSION = YES;
				CLANG_WARN_DEPRECATED_OBJC_IMPLEMENTATIONS = YES;
				CLANG_WARN_DIRECT_OBJC_ISA_USAGE = YES_ERROR;
				CLANG_WARN_DOCUMENTATION_COMMENTS = YES;
				CLANG_WARN_EMPTY_BODY = YES;
				CLANG_WARN_ENUM_CONVERSION = YES;
				CLANG_WARN_INFINITE_RECURSION = YES;
				CLANG_WARN_INT_CONVERSION = YES;
				CLANG_WARN_NON_LITERAL_NULL_CONVERSION = YES;
				CLANG_WARN_OBJC_IMPLICIT_RETAIN_SELF = YES;
				CLANG_WARN_OBJC_LITERAL_CONVERSION = YES;
				CLANG_WARN_OBJC_ROOT_CLASS = YES_ERROR;
				CLANG_WARN_QUOTED_INCLUDE_IN_FRAMEWORK_HEADER = YES;
				CLANG_WARN_RANGE_LOOP_ANALYSIS = YES;
				CLANG_WARN_STRICT_PROTOTYPES = YES;
				CLANG_WARN_SUSPICIOUS_MOVE = YES;
				CLANG_WARN_UNGUARDED_AVAILABILITY = YES_AGGRESSIVE;
				CLANG_WARN_UNREACHABLE_CODE = YES;
				CLANG_WARN__DUPLICATE_METHOD_MATCH = YES;
				COPY_PHASE_STRIP = NO;
				DEBUG_INFORMATION_FORMAT = dwarf;
				ENABLE_STRICT_OBJC_MSGSEND = YES;
				ENABLE_TESTABILITY = YES;
				GCC_C_LANGUAGE_STANDARD = gnu11;
				GCC_DYNAMIC_NO_PIC = NO;
				GCC_NO_COMMON_BLOCKS = YES;
				GCC_OPTIMIZATION_LEVEL = 0;
				GCC_PREPROCESSOR_DEFINITIONS = (
					"DEBUG=1",
					"$(inherited)",
				);
				GCC_WARN_64_TO_32_BIT_CONVERSION = YES;
				GCC_WARN_ABOUT_RETURN_TYPE = YES_ERROR;
				GCC_WARN_UNDECLARED_SELECTOR = YES;
				GCC_WARN_UNINITIALIZED_AUTOS = YES_AGGRESSIVE;
				GCC_WARN_UNUSED_FUNCTION = YES;
				GCC_WARN_UNUSED_VARIABLE = YES;
				IPHONEOS_DEPLOYMENT_TARGET = 15.0;
				MTL_ENABLE_DEBUG_INFO = INCLUDE_SOURCE;
				MTL_FAST_MATH = YES;
				ONLY_ACTIVE_ARCH = YES;
				SDKROOT = iphoneos;
				SWIFT_ACTIVE_COMPILATION_CONDITIONS = DEBUG;
				SWIFT_OPTIMIZATION_LEVEL = "-Onone";
			};
			name = Debug;
		};
		B40C658526AAAC8C00446E16 /* Release */ = {
			isa = XCBuildConfiguration;
			buildSettings = {
				ALWAYS_SEARCH_USER_PATHS = NO;
				CLANG_ANALYZER_NONNULL = YES;
				CLANG_ANALYZER_NUMBER_OBJECT_CONVERSION = YES_AGGRESSIVE;
				CLANG_CXX_LANGUAGE_STANDARD = "gnu++17";
				CLANG_CXX_LIBRARY = "libc++";
				CLANG_ENABLE_MODULES = YES;
				CLANG_ENABLE_OBJC_ARC = YES;
				CLANG_ENABLE_OBJC_WEAK = YES;
				CLANG_WARN_BLOCK_CAPTURE_AUTORELEASING = YES;
				CLANG_WARN_BOOL_CONVERSION = YES;
				CLANG_WARN_COMMA = YES;
				CLANG_WARN_CONSTANT_CONVERSION = YES;
				CLANG_WARN_DEPRECATED_OBJC_IMPLEMENTATIONS = YES;
				CLANG_WARN_DIRECT_OBJC_ISA_USAGE = YES_ERROR;
				CLANG_WARN_DOCUMENTATION_COMMENTS = YES;
				CLANG_WARN_EMPTY_BODY = YES;
				CLANG_WARN_ENUM_CONVERSION = YES;
				CLANG_WARN_INFINITE_RECURSION = YES;
				CLANG_WARN_INT_CONVERSION = YES;
				CLANG_WARN_NON_LITERAL_NULL_CONVERSION = YES;
				CLANG_WARN_OBJC_IMPLICIT_RETAIN_SELF = YES;
				CLANG_WARN_OBJC_LITERAL_CONVERSION = YES;
				CLANG_WARN_OBJC_ROOT_CLASS = YES_ERROR;
				CLANG_WARN_QUOTED_INCLUDE_IN_FRAMEWORK_HEADER = YES;
				CLANG_WARN_RANGE_LOOP_ANALYSIS = YES;
				CLANG_WARN_STRICT_PROTOTYPES = YES;
				CLANG_WARN_SUSPICIOUS_MOVE = YES;
				CLANG_WARN_UNGUARDED_AVAILABILITY = YES_AGGRESSIVE;
				CLANG_WARN_UNREACHABLE_CODE = YES;
				CLANG_WARN__DUPLICATE_METHOD_MATCH = YES;
				COPY_PHASE_STRIP = NO;
				DEBUG_INFORMATION_FORMAT = "dwarf-with-dsym";
				ENABLE_NS_ASSERTIONS = NO;
				ENABLE_STRICT_OBJC_MSGSEND = YES;
				GCC_C_LANGUAGE_STANDARD = gnu11;
				GCC_NO_COMMON_BLOCKS = YES;
				GCC_WARN_64_TO_32_BIT_CONVERSION = YES;
				GCC_WARN_ABOUT_RETURN_TYPE = YES_ERROR;
				GCC_WARN_UNDECLARED_SELECTOR = YES;
				GCC_WARN_UNINITIALIZED_AUTOS = YES_AGGRESSIVE;
				GCC_WARN_UNUSED_FUNCTION = YES;
				GCC_WARN_UNUSED_VARIABLE = YES;
				IPHONEOS_DEPLOYMENT_TARGET = 15.0;
				MTL_ENABLE_DEBUG_INFO = NO;
				MTL_FAST_MATH = YES;
				SDKROOT = iphoneos;
				SWIFT_COMPILATION_MODE = wholemodule;
				SWIFT_OPTIMIZATION_LEVEL = "-O";
				VALIDATE_PRODUCT = YES;
			};
			name = Release;
		};
		B40C658726AAAC8C00446E16 /* Debug */ = {
			isa = XCBuildConfiguration;
			buildSettings = {
				ASSETCATALOG_COMPILER_APPICON_NAME = AppIcon;
				ASSETCATALOG_COMPILER_GLOBAL_ACCENT_COLOR_NAME = AccentColor;
				CODE_SIGN_STYLE = Automatic;
				CURRENT_PROJECT_VERSION = 1;
				GENERATE_INFOPLIST_FILE = YES;
				INFOPLIST_FILE = FavoriteAthlete/Info.plist;
				INFOPLIST_KEY_UIApplicationSupportsIndirectInputEvents = YES;
				INFOPLIST_KEY_UILaunchStoryboardName = LaunchScreen;
				INFOPLIST_KEY_UIMainStoryboardFile = Main;
				INFOPLIST_KEY_UISupportedInterfaceOrientations_iPad = "UIInterfaceOrientationPortrait UIInterfaceOrientationPortraitUpsideDown UIInterfaceOrientationLandscapeLeft UIInterfaceOrientationLandscapeRight";
				INFOPLIST_KEY_UISupportedInterfaceOrientations_iPhone = "UIInterfaceOrientationPortrait UIInterfaceOrientationLandscapeLeft UIInterfaceOrientationLandscapeRight";
				LD_RUNPATH_SEARCH_PATHS = (
					"$(inherited)",
					"@executable_path/Frameworks",
				);
				MARKETING_VERSION = 1.0;
				PRODUCT_BUNDLE_IDENTIFIER = "Wolfpack-Digital.FavoriteAthlete";
				PRODUCT_NAME = "$(TARGET_NAME)";
				SWIFT_EMIT_LOC_STRINGS = YES;
				SWIFT_VERSION = 5.0;
				TARGETED_DEVICE_FAMILY = "1,2";
			};
			name = Debug;
		};
		B40C658826AAAC8C00446E16 /* Release */ = {
			isa = XCBuildConfiguration;
			buildSettings = {
				ASSETCATALOG_COMPILER_APPICON_NAME = AppIcon;
				ASSETCATALOG_COMPILER_GLOBAL_ACCENT_COLOR_NAME = AccentColor;
				CODE_SIGN_STYLE = Automatic;
				CURRENT_PROJECT_VERSION = 1;
				GENERATE_INFOPLIST_FILE = YES;
				INFOPLIST_FILE = FavoriteAthlete/Info.plist;
				INFOPLIST_KEY_UIApplicationSupportsIndirectInputEvents = YES;
				INFOPLIST_KEY_UILaunchStoryboardName = LaunchScreen;
				INFOPLIST_KEY_UIMainStoryboardFile = Main;
				INFOPLIST_KEY_UISupportedInterfaceOrientations_iPad = "UIInterfaceOrientationPortrait UIInterfaceOrientationPortraitUpsideDown UIInterfaceOrientationLandscapeLeft UIInterfaceOrientationLandscapeRight";
				INFOPLIST_KEY_UISupportedInterfaceOrientations_iPhone = "UIInterfaceOrientationPortrait UIInterfaceOrientationLandscapeLeft UIInterfaceOrientationLandscapeRight";
				LD_RUNPATH_SEARCH_PATHS = (
					"$(inherited)",
					"@executable_path/Frameworks",
				);
				MARKETING_VERSION = 1.0;
				PRODUCT_BUNDLE_IDENTIFIER = "Wolfpack-Digital.FavoriteAthlete";
				PRODUCT_NAME = "$(TARGET_NAME)";
				SWIFT_EMIT_LOC_STRINGS = YES;
				SWIFT_VERSION = 5.0;
				TARGETED_DEVICE_FAMILY = "1,2";
			};
			name = Release;
		};
		B40C658A26AAAC8C00446E16 /* Debug */ = {
			isa = XCBuildConfiguration;
			buildSettings = {
				ALWAYS_EMBED_SWIFT_STANDARD_LIBRARIES = YES;
				BUNDLE_LOADER = "$(TEST_HOST)";
				CODE_SIGN_STYLE = Automatic;
				CURRENT_PROJECT_VERSION = 1;
				GENERATE_INFOPLIST_FILE = YES;
				IPHONEOS_DEPLOYMENT_TARGET = 15.0;
				LD_RUNPATH_SEARCH_PATHS = (
					"$(inherited)",
					"@executable_path/Frameworks",
					"@loader_path/Frameworks",
				);
				MARKETING_VERSION = 1.0;
				PRODUCT_BUNDLE_IDENTIFIER = "Wolfpack-Digital.FavoriteAthleteTests";
				PRODUCT_NAME = "$(TARGET_NAME)";
				SWIFT_EMIT_LOC_STRINGS = NO;
				SWIFT_VERSION = 5.0;
				TARGETED_DEVICE_FAMILY = "1,2";
				TEST_HOST = "$(BUILT_PRODUCTS_DIR)/FavoriteAthlete.app/FavoriteAthlete";
			};
			name = Debug;
		};
		B40C658B26AAAC8C00446E16 /* Release */ = {
			isa = XCBuildConfiguration;
			buildSettings = {
				ALWAYS_EMBED_SWIFT_STANDARD_LIBRARIES = YES;
				BUNDLE_LOADER = "$(TEST_HOST)";
				CODE_SIGN_STYLE = Automatic;
				CURRENT_PROJECT_VERSION = 1;
				GENERATE_INFOPLIST_FILE = YES;
				IPHONEOS_DEPLOYMENT_TARGET = 15.0;
				LD_RUNPATH_SEARCH_PATHS = (
					"$(inherited)",
					"@executable_path/Frameworks",
					"@loader_path/Frameworks",
				);
				MARKETING_VERSION = 1.0;
				PRODUCT_BUNDLE_IDENTIFIER = "Wolfpack-Digital.FavoriteAthleteTests";
				PRODUCT_NAME = "$(TARGET_NAME)";
				SWIFT_EMIT_LOC_STRINGS = NO;
				SWIFT_VERSION = 5.0;
				TARGETED_DEVICE_FAMILY = "1,2";
				TEST_HOST = "$(BUILT_PRODUCTS_DIR)/FavoriteAthlete.app/FavoriteAthlete";
			};
			name = Release;
		};
		B40C658D26AAAC8C00446E16 /* Debug */ = {
			isa = XCBuildConfiguration;
			buildSettings = {
				ALWAYS_EMBED_SWIFT_STANDARD_LIBRARIES = YES;
				CODE_SIGN_STYLE = Automatic;
				CURRENT_PROJECT_VERSION = 1;
				GENERATE_INFOPLIST_FILE = YES;
				LD_RUNPATH_SEARCH_PATHS = (
					"$(inherited)",
					"@executable_path/Frameworks",
					"@loader_path/Frameworks",
				);
				MARKETING_VERSION = 1.0;
				PRODUCT_BUNDLE_IDENTIFIER = "Wolfpack-Digital.FavoriteAthleteUITests";
				PRODUCT_NAME = "$(TARGET_NAME)";
				SWIFT_EMIT_LOC_STRINGS = NO;
				SWIFT_VERSION = 5.0;
				TARGETED_DEVICE_FAMILY = "1,2";
				TEST_TARGET_NAME = FavoriteAthlete;
			};
			name = Debug;
		};
		B40C658E26AAAC8C00446E16 /* Release */ = {
			isa = XCBuildConfiguration;
			buildSettings = {
				ALWAYS_EMBED_SWIFT_STANDARD_LIBRARIES = YES;
				CODE_SIGN_STYLE = Automatic;
				CURRENT_PROJECT_VERSION = 1;
				GENERATE_INFOPLIST_FILE = YES;
				LD_RUNPATH_SEARCH_PATHS = (
					"$(inherited)",
					"@executable_path/Frameworks",
					"@loader_path/Frameworks",
				);
				MARKETING_VERSION = 1.0;
				PRODUCT_BUNDLE_IDENTIFIER = "Wolfpack-Digital.FavoriteAthleteUITests";
				PRODUCT_NAME = "$(TARGET_NAME)";
				SWIFT_EMIT_LOC_STRINGS = NO;
				SWIFT_VERSION = 5.0;
				TARGETED_DEVICE_FAMILY = "1,2";
				TEST_TARGET_NAME = FavoriteAthlete;
			};
			name = Release;
		};
/* End XCBuildConfiguration section */

/* Begin XCConfigurationList section */
		B40C655926AAAC8800446E16 /* Build configuration list for PBXProject "FavoriteAthlete" */ = {
			isa = XCConfigurationList;
			buildConfigurations = (
				B40C658426AAAC8C00446E16 /* Debug */,
				B40C658526AAAC8C00446E16 /* Release */,
			);
			defaultConfigurationIsVisible = 0;
			defaultConfigurationName = Release;
		};
		B40C658626AAAC8C00446E16 /* Build configuration list for PBXNativeTarget "FavoriteAthlete" */ = {
			isa = XCConfigurationList;
			buildConfigurations = (
				B40C658726AAAC8C00446E16 /* Debug */,
				B40C658826AAAC8C00446E16 /* Release */,
			);
			defaultConfigurationIsVisible = 0;
			defaultConfigurationName = Release;
		};
		B40C658926AAAC8C00446E16 /* Build configuration list for PBXNativeTarget "FavoriteAthleteTests" */ = {
			isa = XCConfigurationList;
			buildConfigurations = (
				B40C658A26AAAC8C00446E16 /* Debug */,
				B40C658B26AAAC8C00446E16 /* Release */,
			);
			defaultConfigurationIsVisible = 0;
			defaultConfigurationName = Release;
		};
		B40C658C26AAAC8C00446E16 /* Build configuration list for PBXNativeTarget "FavoriteAthleteUITests" */ = {
			isa = XCConfigurationList;
			buildConfigurations = (
				B40C658D26AAAC8C00446E16 /* Debug */,
				B40C658E26AAAC8C00446E16 /* Release */,
			);
			defaultConfigurationIsVisible = 0;
			defaultConfigurationName = Release;
		};
/* End XCConfigurationList section */
	};
	rootObject = B40C655626AAAC8800446E16 /* Project object */;
}
